{
  "name": "EonPad",
  "lockfileVersion": 3,
  "requires": true,
  "packages": {
    "": {
      "dependencies": {
        "@tanstack/react-query": "^5.75.2",
        "@tanstack/react-query-devtools": "^5.75.2"
      }
    },
    "node_modules/@tanstack/query-core": {
      "version": "5.75.0",
      "resolved": "https://registry.npmjs.org/@tanstack/query-core/-/query-core-5.75.0.tgz",
      "integrity": "sha512-rk8KQuCdhoRkzjRVF3QxLgAfFUyS0k7+GCQjlGEpEGco+qazJ0eMH6aO1DjDjibH7/ik383nnztua3BG+lOnwg==",
      "license": "MIT",
      "funding": {
        "type": "github",
        "url": "https://github.com/sponsors/tannerlinsley"
      }
    },
    "node_modules/@tanstack/query-devtools": {
      "version": "5.74.7",
      "resolved": "https://registry.npmjs.org/@tanstack/query-devtools/-/query-devtools-5.74.7.tgz",
      "integrity": "sha512-nSNlfuGdnHf4yB0S+BoNYOE1o3oAH093weAYZolIHfS2stulyA/gWfSk/9H4ZFk5mAAHb5vNqAeJOmbdcGPEQw==",
      "license": "MIT",
      "funding": {
        "type": "github",
        "url": "https://github.com/sponsors/tannerlinsley"
      }
    },
    "node_modules/@tanstack/react-query": {
      "version": "5.75.2",
      "resolved": "https://registry.npmjs.org/@tanstack/react-query/-/react-query-5.75.2.tgz",
      "integrity": "sha512-8F8VOsWUfSkCFoi62O9HSZT9jDgg28Ln8Z2dYKfRo/O2A0sgvr0uxTuNoon3PPXoDuHofv5V3elBI1M2Gh1MPg==",
      "license": "MIT",
      "dependencies": {
        "@tanstack/query-core": "5.75.0"
      },
      "funding": {
        "type": "github",
        "url": "https://github.com/sponsors/tannerlinsley"
      },
      "peerDependencies": {
        "react": "^18 || ^19"
      }
    },
    "node_modules/@tanstack/react-query-devtools": {
      "version": "5.75.2",
      "resolved": "https://registry.npmjs.org/@tanstack/react-query-devtools/-/react-query-devtools-5.75.2.tgz",
      "integrity": "sha512-bOwfNBka4Xc4Q2EhOW15arll7UkavwMgEAbbqnEDbrpHFxbZR33EYIMh9SyUmqVsZEv0rGmbvzK8OsXRjTTTuA==",
      "license": "MIT",
      "dependencies": {
        "@tanstack/query-devtools": "5.74.7"
      },
      "funding": {
        "type": "github",
        "url": "https://github.com/sponsors/tannerlinsley"
      },
      "peerDependencies": {
        "@tanstack/react-query": "^5.75.2",
        "react": "^18 || ^19"
      }
    },
    "node_modules/react": {
      "version": "19.1.0",
      "resolved": "https://registry.npmjs.org/react/-/react-19.1.0.tgz",
      "integrity": "sha512-FS+XFBNvn3GTAWq26joslQgWNoFu08F4kl0J4CgdNKADkdSGXQyTCnKteIAJy96Br6YbpEU1LSzV5dYtjMkMDg==",
      "license": "MIT",
      "peer": true,
      "engines": {
        "node": ">=0.10.0"
      }
    }
  }
}
